
Microsoft Visual Studio Solution File, Format Version 12.00
# Visual Studio Version 17
VisualStudioVersion = 17.11.35312.102
MinimumVisualStudioVersion = 10.0.40219.1
Project("{FAE04EC0-301F-11D3-BF4B-00C04F79EFBC}") = "JWTAuthAPI", "JWTAuthAPI\JWTAuthAPI.csproj", "{D764C8E5-13DF-41AA-B970-3F931A5FFC56}"
EndProject
Global
	GlobalSection(SolutionConfigurationPlatforms) = preSolution
		Debug|Any CPU = Debug|Any CPU
		Release|Any CPU = Release|Any CPU
	EndGlobalSection
	GlobalSection(ProjectConfigurationPlatforms) = postSolution
		{D764C8E5-13DF-41AA-B970-3F931A5FFC56}.Debug|Any CPU.ActiveCfg = Debug|Any CPU
		{D764C8E5-13DF-41AA-B970-3F931A5FFC56}.Debug|Any CPU.Build.0 = Debug|Any CPU
		{D764C8E5-13DF-41AA-B970-3F931A5FFC56}.Release|Any CPU.ActiveCfg = Release|Any CPU
		{D764C8E5-13DF-41AA-B970-3F931A5FFC56}.Release|Any CPU.Build.0 = Release|Any CPU
	EndGlobalSection
	GlobalSection(SolutionProperties) = preSolution
		HideSolutionNode = FALSE
	EndGlobalSection
	GlobalSection(ExtensibilityGlobals) = postSolution
		SolutionGuid = {117F940E-E2B2-4DEF-AA76-4CE5CC94E999}
	EndGlobalSection
EndGlobal
